
Microsoft Visual Studio Solution File, Format Version 11.00
# Visual Studio 2010
Project("{FAE04EC0-301F-11D3-BF4B-00C04F79EFBC}") = "SkateBoard", "Assembly-CSharp.csproj", "{212E7ED9-D5B8-0D09-71AD-943289BE5A9E}"
EndProject
Project("{FAE04EC0-301F-11D3-BF4B-00C04F79EFBC}") = "SkateBoard", "Assembly-CSharp-Editor.csproj", "{CE56D032-12E7-EA13-E614-AAD9370925E7}"
EndProject
Global
	GlobalSection(SolutionConfigurationPlatforms) = preSolution
		Debug|Any CPU = Debug|Any CPU
		Release|Any CPU = Release|Any CPU
	EndGlobalSection
	GlobalSection(ProjectConfigurationPlatforms) = postSolution
		{212E7ED9-D5B8-0D09-71AD-943289BE5A9E}.Debug|Any CPU.ActiveCfg = Debug|Any CPU
		{212E7ED9-D5B8-0D09-71AD-943289BE5A9E}.Debug|Any CPU.Build.0 = Debug|Any CPU
		{212E7ED9-D5B8-0D09-71AD-943289BE5A9E}.Release|Any CPU.ActiveCfg = Release|Any CPU
		{212E7ED9-D5B8-0D09-71AD-943289BE5A9E}.Release|Any CPU.Build.0 = Release|Any CPU
		{CE56D032-12E7-EA13-E614-AAD9370925E7}.Debug|Any CPU.ActiveCfg = Debug|Any CPU
		{CE56D032-12E7-EA13-E614-AAD9370925E7}.Debug|Any CPU.Build.0 = Debug|Any CPU
		{CE56D032-12E7-EA13-E614-AAD9370925E7}.Release|Any CPU.ActiveCfg = Release|Any CPU
		{CE56D032-12E7-EA13-E614-AAD9370925E7}.Release|Any CPU.Build.0 = Release|Any CPU
	EndGlobalSection
	GlobalSection(SolutionProperties) = preSolution
		HideSolutionNode = FALSE
	EndGlobalSection
	GlobalSection(MonoDevelopProperties) = preSolution
		StartupItem = Assembly-CSharp.csproj
	EndGlobalSection
EndGlobal
